
Microsoft Visual Studio Solution File, Format Version 12.00
# Visual Studio Version 16
VisualStudioVersion = 16.0.30011.22
MinimumVisualStudioVersion = 10.0.40219.1
Project("{FAE04EC0-301F-11D3-BF4B-00C04F79EFBC}") = "Hastane", "Hastane\Hastane.csproj", "{F4115DF5-5012-49B7-828F-9159F304B9CD}"
EndProject
Global
	GlobalSection(SolutionConfigurationPlatforms) = preSolution
		Debug|Any CPU = Debug|Any CPU
		Release|Any CPU = Release|Any CPU
	EndGlobalSection
	GlobalSection(ProjectConfigurationPlatforms) = postSolution
		{F4115DF5-5012-49B7-828F-9159F304B9CD}.Debug|Any CPU.ActiveCfg = Debug|Any CPU
		{F4115DF5-5012-49B7-828F-9159F304B9CD}.Debug|Any CPU.Build.0 = Debug|Any CPU
		{F4115DF5-5012-49B7-828F-9159F304B9CD}.Release|Any CPU.ActiveCfg = Release|Any CPU
		{F4115DF5-5012-49B7-828F-9159F304B9CD}.Release|Any CPU.Build.0 = Release|Any CPU
	EndGlobalSection
	GlobalSection(SolutionProperties) = preSolution
		HideSolutionNode = FALSE
	EndGlobalSection
	GlobalSection(ExtensibilityGlobals) = postSolution
		SolutionGuid = {DDC6B28B-4CDC-484E-B15D-A6B160741C2F}
	EndGlobalSection
EndGlobal
